
Microsoft Visual Studio Solution File, Format Version 12.00
# Visual Studio Version 16
VisualStudioVersion = 16.0.29905.134
MinimumVisualStudioVersion = 10.0.40219.1
Project("{FAE04EC0-301F-11D3-BF4B-00C04F79EFBC}") = "Algo", "Algo\Algo.csproj", "{70078316-C30E-494E-B567-6E6E76821327}"
EndProject
Global
	GlobalSection(SolutionConfigurationPlatforms) = preSolution
		Debug|Any CPU = Debug|Any CPU
		Release|Any CPU = Release|Any CPU
	EndGlobalSection
	GlobalSection(ProjectConfigurationPlatforms) = postSolution
		{70078316-C30E-494E-B567-6E6E76821327}.Debug|Any CPU.ActiveCfg = Debug|Any CPU
		{70078316-C30E-494E-B567-6E6E76821327}.Debug|Any CPU.Build.0 = Debug|Any CPU
		{70078316-C30E-494E-B567-6E6E76821327}.Release|Any CPU.ActiveCfg = Release|Any CPU
		{70078316-C30E-494E-B567-6E6E76821327}.Release|Any CPU.Build.0 = Release|Any CPU
	EndGlobalSection
	GlobalSection(SolutionProperties) = preSolution
		HideSolutionNode = FALSE
	EndGlobalSection
	GlobalSection(ExtensibilityGlobals) = postSolution
		SolutionGuid = {2018DDFD-7BA0-4FCD-A10A-4AC122CC03D9}
	EndGlobalSection
EndGlobal
